
Microsoft Visual Studio Solution File, Format Version 12.00
# Visual Studio Version 17
VisualStudioVersion = 17.2.32630.192
MinimumVisualStudioVersion = 10.0.40219.1
Project("{FAE04EC0-301F-11D3-BF4B-00C04F79EFBC}") = "webassaingment", "webassaingment\webassaingment.csproj", "{FDCF3CF2-CAD1-4FFE-B5FB-06BE17554E62}"
EndProject
Global
	GlobalSection(SolutionConfigurationPlatforms) = preSolution
		Debug|Any CPU = Debug|Any CPU
		Release|Any CPU = Release|Any CPU
	EndGlobalSection
	GlobalSection(ProjectConfigurationPlatforms) = postSolution
		{FDCF3CF2-CAD1-4FFE-B5FB-06BE17554E62}.Debug|Any CPU.ActiveCfg = Debug|Any CPU
		{FDCF3CF2-CAD1-4FFE-B5FB-06BE17554E62}.Debug|Any CPU.Build.0 = Debug|Any CPU
		{FDCF3CF2-CAD1-4FFE-B5FB-06BE17554E62}.Release|Any CPU.ActiveCfg = Release|Any CPU
		{FDCF3CF2-CAD1-4FFE-B5FB-06BE17554E62}.Release|Any CPU.Build.0 = Release|Any CPU
	EndGlobalSection
	GlobalSection(SolutionProperties) = preSolution
		HideSolutionNode = FALSE
	EndGlobalSection
	GlobalSection(ExtensibilityGlobals) = postSolution
		SolutionGuid = {3AD09FB9-13B0-411F-BCCC-EEBCE1ADDA3D}
	EndGlobalSection
EndGlobal
